
Microsoft Visual Studio Solution File, Format Version 12.00
# Visual Studio Version 16
VisualStudioVersion = 16.0.29613.14
MinimumVisualStudioVersion = 10.0.40219.1
Project("{FAE04EC0-301F-11D3-BF4B-00C04F79EFBC}") = "FirebaseMVC", "FirebaseMVC\FirebaseMVC.csproj", "{AD31AF4E-A418-42AC-B7ED-1A44A19DBF89}"
EndProject
Global
	GlobalSection(SolutionConfigurationPlatforms) = preSolution
		Debug|Any CPU = Debug|Any CPU
		Release|Any CPU = Release|Any CPU
	EndGlobalSection
	GlobalSection(ProjectConfigurationPlatforms) = postSolution
		{AD31AF4E-A418-42AC-B7ED-1A44A19DBF89}.Debug|Any CPU.ActiveCfg = Debug|Any CPU
		{AD31AF4E-A418-42AC-B7ED-1A44A19DBF89}.Debug|Any CPU.Build.0 = Debug|Any CPU
		{AD31AF4E-A418-42AC-B7ED-1A44A19DBF89}.Release|Any CPU.ActiveCfg = Release|Any CPU
		{AD31AF4E-A418-42AC-B7ED-1A44A19DBF89}.Release|Any CPU.Build.0 = Release|Any CPU
	EndGlobalSection
	GlobalSection(SolutionProperties) = preSolution
		HideSolutionNode = FALSE
	EndGlobalSection
	GlobalSection(ExtensibilityGlobals) = postSolution
		SolutionGuid = {CF2C6878-7E45-4527-83E3-29D3C75211E6}
	EndGlobalSection
EndGlobal
